# format: repository|exact_commit_sha|admitted_role
truex|7da0500926ddd0374e91f6ab8d58244f6611fe4a|receipt-reference
mcpp|9995559a9042806ba18cd8177b1f5dd4c064008b|capability-reference
wasm4pm|44f1bca8ff8cb05b1d8f5561c20c827e33d2b5fd|process-evidence
ferroplan|282fae46a7cf4f71ab473e33b5f3fdb4d73433c9|planner
mfw|e4fbda46f13d8213b86aa4f981d2387638983066|oracle
ggen|c36d72161b847b13555c24132819281f17e40e40|manufacturer
mfact|308384002a15b9946acbcd6f560c5819723d79dc|certifier
unrdf|a7b5a907d029dbca1af1bc2734ef1f7fb981a98d|semantic-admission
chatman-ecosystem|14cfd7b01aac25b3271963378d07357eb0c55af6|actuation-authority
